// !$*UTF8*$!
{
	archiveVersion = 1;
	classes = {
	};
	objectVersion = 51;
	objects = {

/* Begin PBXBuildFile section */
		0C07149ED17F866BBB4BD8E0 /* Pods_ArtDropTests.framework in Frameworks */ = {isa = PBXBuildFile; fileRef = 5EE92EACA69F1F1906E6C3F4 /* Pods_ArtDropTests.framework */; };
		54D433FDC34FA8D4D8B86A93 /* Pods_ArtDrop.framework in Frameworks */ = {isa = PBXBuildFile; fileRef = C001863EC7CBA639455B91DB /* Pods_ArtDrop.framework */; };
		A62DE85226B0B02900D2036E /* MapViewController.m in Sources */ = {isa = PBXBuildFile; fileRef = A62DE85126B0B02900D2036E /* MapViewController.m */; };
		A62DE85826B1790300D2036E /* ArtAnnotation.m in Sources */ = {isa = PBXBuildFile; fileRef = A62DE85726B1790300D2036E /* ArtAnnotation.m */; };
		A62DE86126B18C3500D2036E /* SearchCell.m in Sources */ = {isa = PBXBuildFile; fileRef = A62DE86026B18C3500D2036E /* SearchCell.m */; };
		A62DE86726B2398900D2036E /* ArtAPIManager.m in Sources */ = {isa = PBXBuildFile; fileRef = A62DE86626B2398900D2036E /* ArtAPIManager.m */; };
		A62DE86A26B277B600D2036E /* ArtistCollectionCell.m in Sources */ = {isa = PBXBuildFile; fileRef = A62DE86926B277B600D2036E /* ArtistCollectionCell.m */; };
		A62DE87226B28A2E00D2036E /* UIButton+Extensions.m in Sources */ = {isa = PBXBuildFile; fileRef = A62DE87126B28A2E00D2036E /* UIButton+Extensions.m */; };
		A62DE87526B28C8800D2036E /* UITextField+Extensions.m in Sources */ = {isa = PBXBuildFile; fileRef = A62DE87426B28C8800D2036E /* UITextField+Extensions.m */; };
		A632CB53269CD5280078E0AF /* AppDelegate.m in Sources */ = {isa = PBXBuildFile; fileRef = A632CB52269CD5280078E0AF /* AppDelegate.m */; };
		A632CB56269CD5280078E0AF /* SceneDelegate.m in Sources */ = {isa = PBXBuildFile; fileRef = A632CB55269CD5280078E0AF /* SceneDelegate.m */; };
		A632CB5C269CD5280078E0AF /* Main.storyboard in Resources */ = {isa = PBXBuildFile; fileRef = A632CB5A269CD5280078E0AF /* Main.storyboard */; };
		A632CB5E269CD52B0078E0AF /* Assets.xcassets in Resources */ = {isa = PBXBuildFile; fileRef = A632CB5D269CD52B0078E0AF /* Assets.xcassets */; };
		A632CB61269CD52B0078E0AF /* LaunchScreen.storyboard in Resources */ = {isa = PBXBuildFile; fileRef = A632CB5F269CD52B0078E0AF /* LaunchScreen.storyboard */; };
		A632CB64269CD52B0078E0AF /* main.m in Sources */ = {isa = PBXBuildFile; fileRef = A632CB63269CD52B0078E0AF /* main.m */; };
		A632CB6E269CD52B0078E0AF /* ArtDropTests.m in Sources */ = {isa = PBXBuildFile; fileRef = A632CB6D269CD52B0078E0AF /* ArtDropTests.m */; };
		A632CB79269CD52B0078E0AF /* ArtDropUITests.m in Sources */ = {isa = PBXBuildFile; fileRef = A632CB78269CD52B0078E0AF /* ArtDropUITests.m */; };
		A632CB8B269D2AAB0078E0AF /* LoginViewController.m in Sources */ = {isa = PBXBuildFile; fileRef = A632CB8A269D2AAB0078E0AF /* LoginViewController.m */; };
		A632CB8E269D30BB0078E0AF /* SignUpViewController.m in Sources */ = {isa = PBXBuildFile; fileRef = A632CB8D269D30BB0078E0AF /* SignUpViewController.m */; };
		A632CB91269D411B0078E0AF /* FeedViewController.m in Sources */ = {isa = PBXBuildFile; fileRef = A632CB90269D411B0078E0AF /* FeedViewController.m */; };
		A632CB94269D52370078E0AF /* Post.m in Sources */ = {isa = PBXBuildFile; fileRef = A632CB93269D52370078E0AF /* Post.m */; };
		A632CB97269D54770078E0AF /* PostCell.m in Sources */ = {isa = PBXBuildFile; fileRef = A632CB96269D54770078E0AF /* PostCell.m */; };
		A632CB9A269D569E0078E0AF /* SellViewController.m in Sources */ = {isa = PBXBuildFile; fileRef = A632CB99269D569E0078E0AF /* SellViewController.m */; };
		A632CB9D269D58B10078E0AF /* ProfileViewController.m in Sources */ = {isa = PBXBuildFile; fileRef = A632CB9C269D58B10078E0AF /* ProfileViewController.m */; };
		A632CBA0269E53B30078E0AF /* Artist.m in Sources */ = {isa = PBXBuildFile; fileRef = A632CB9F269E53B30078E0AF /* Artist.m */; };
		A632CBA3269FA0E50078E0AF /* DetailViewController.m in Sources */ = {isa = PBXBuildFile; fileRef = A632CBA2269FA0E50078E0AF /* DetailViewController.m */; };
		A632CBA626A162850078E0AF /* PostCollectionCell.m in Sources */ = {isa = PBXBuildFile; fileRef = A632CBA526A162850078E0AF /* PostCollectionCell.m */; };
		A632CBA926A1675F0078E0AF /* SettingsViewController.m in Sources */ = {isa = PBXBuildFile; fileRef = A632CBA826A1675F0078E0AF /* SettingsViewController.m */; };
		A632CBAC26A7FD000078E0AF /* ArtistViewController.m in Sources */ = {isa = PBXBuildFile; fileRef = A632CBAB26A7FD000078E0AF /* ArtistViewController.m */; };
		A632CBAF26A8786F0078E0AF /* Location.m in Sources */ = {isa = PBXBuildFile; fileRef = A632CBAE26A8786F0078E0AF /* Location.m */; };
		A632CBB226AB8D310078E0AF /* ExploreViewController.m in Sources */ = {isa = PBXBuildFile; fileRef = A632CBB126AB8D310078E0AF /* ExploreViewController.m */; };
		A9D37C84EF904A146AA35D1A /* Pods_ArtDrop_ArtDropUITests.framework in Frameworks */ = {isa = PBXBuildFile; fileRef = 199082B368D18557D77A009D /* Pods_ArtDrop_ArtDropUITests.framework */; };
/* End PBXBuildFile section */

/* Begin PBXContainerItemProxy section */
		A632CB6A269CD52B0078E0AF /* PBXContainerItemProxy */ = {
			isa = PBXContainerItemProxy;
			containerPortal = A632CB46269CD5280078E0AF /* Project object */;
			proxyType = 1;
			remoteGlobalIDString = A632CB4D269CD5280078E0AF;
			remoteInfo = ArtDrop;
		};
		A632CB75269CD52B0078E0AF /* PBXContainerItemProxy */ = {
			isa = PBXContainerItemProxy;
			containerPortal = A632CB46269CD5280078E0AF /* Project object */;
			proxyType = 1;
			remoteGlobalIDString = A632CB4D269CD5280078E0AF;
			remoteInfo = ArtDrop;
		};
/* End PBXContainerItemProxy section */

/* Begin PBXFileReference section */
		0F29D58F2398D6B0265143F8 /* Pods-ArtDrop-ArtDropUITests.release.xcconfig */ = {isa = PBXFileReference; includeInIndex = 1; lastKnownFileType = text.xcconfig; name = "Pods-ArtDrop-ArtDropUITests.release.xcconfig"; path = "Target Support Files/Pods-ArtDrop-ArtDropUITests/Pods-ArtDrop-ArtDropUITests.release.xcconfig"; sourceTree = "<group>"; };
		11BD2E745DBB845B85105673 /* Pods-ArtDrop.debug.xcconfig */ = {isa = PBXFileReference; includeInIndex = 1; lastKnownFileType = text.xcconfig; name = "Pods-ArtDrop.debug.xcconfig"; path = "Target Support Files/Pods-ArtDrop/Pods-ArtDrop.debug.xcconfig"; sourceTree = "<group>"; };
		199082B368D18557D77A009D /* Pods_ArtDrop_ArtDropUITests.framework */ = {isa = PBXFileReference; explicitFileType = wrapper.framework; includeInIndex = 0; path = Pods_ArtDrop_ArtDropUITests.framework; sourceTree = BUILT_PRODUCTS_DIR; };
		1C54311AF6C7A5097A9A7B14 /* Pods-ArtDrop.release.xcconfig */ = {isa = PBXFileReference; includeInIndex = 1; lastKnownFileType = text.xcconfig; name = "Pods-ArtDrop.release.xcconfig"; path = "Target Support Files/Pods-ArtDrop/Pods-ArtDrop.release.xcconfig"; sourceTree = "<group>"; };
		1E3C26CBDDB2F8B17657DE65 /* Pods-ArtDropTests.debug.xcconfig */ = {isa = PBXFileReference; includeInIndex = 1; lastKnownFileType = text.xcconfig; name = "Pods-ArtDropTests.debug.xcconfig"; path = "Target Support Files/Pods-ArtDropTests/Pods-ArtDropTests.debug.xcconfig"; sourceTree = "<group>"; };
		5EE92EACA69F1F1906E6C3F4 /* Pods_ArtDropTests.framework */ = {isa = PBXFileReference; explicitFileType = wrapper.framework; includeInIndex = 0; path = Pods_ArtDropTests.framework; sourceTree = BUILT_PRODUCTS_DIR; };
		A62DE85026B0B02900D2036E /* MapViewController.h */ = {isa = PBXFileReference; lastKnownFileType = sourcecode.c.h; path = MapViewController.h; sourceTree = "<group>"; };
		A62DE85126B0B02900D2036E /* MapViewController.m */ = {isa = PBXFileReference; lastKnownFileType = sourcecode.c.objc; path = MapViewController.m; sourceTree = "<group>"; };
		A62DE85626B1790300D2036E /* ArtAnnotation.h */ = {isa = PBXFileReference; lastKnownFileType = sourcecode.c.h; path = ArtAnnotation.h; sourceTree = "<group>"; };
		A62DE85726B1790300D2036E /* ArtAnnotation.m */ = {isa = PBXFileReference; lastKnownFileType = sourcecode.c.objc; path = ArtAnnotation.m; sourceTree = "<group>"; };
		A62DE85F26B18C3500D2036E /* SearchCell.h */ = {isa = PBXFileReference; lastKnownFileType = sourcecode.c.h; path = SearchCell.h; sourceTree = "<group>"; };
		A62DE86026B18C3500D2036E /* SearchCell.m */ = {isa = PBXFileReference; lastKnownFileType = sourcecode.c.objc; path = SearchCell.m; sourceTree = "<group>"; };
		A62DE86526B2398900D2036E /* ArtAPIManager.h */ = {isa = PBXFileReference; lastKnownFileType = sourcecode.c.h; path = ArtAPIManager.h; sourceTree = "<group>"; };
		A62DE86626B2398900D2036E /* ArtAPIManager.m */ = {isa = PBXFileReference; lastKnownFileType = sourcecode.c.objc; path = ArtAPIManager.m; sourceTree = "<group>"; };
		A62DE86826B277B600D2036E /* ArtistCollectionCell.h */ = {isa = PBXFileReference; lastKnownFileType = sourcecode.c.h; path = ArtistCollectionCell.h; sourceTree = "<group>"; };
		A62DE86926B277B600D2036E /* ArtistCollectionCell.m */ = {isa = PBXFileReference; lastKnownFileType = sourcecode.c.objc; path = ArtistCollectionCell.m; sourceTree = "<group>"; };
		A62DE87126B28A2E00D2036E /* UIButton+Extensions.m */ = {isa = PBXFileReference; lastKnownFileType = sourcecode.c.objc; path = "UIButton+Extensions.m"; sourceTree = "<group>"; };
		A62DE87326B28A3D00D2036E /* UIButton+Extensions.h */ = {isa = PBXFileReference; lastKnownFileType = sourcecode.c.h; path = "UIButton+Extensions.h"; sourceTree = "<group>"; };
		A62DE87426B28C8800D2036E /* UITextField+Extensions.m */ = {isa = PBXFileReference; lastKnownFileType = sourcecode.c.objc; path = "UITextField+Extensions.m"; sourceTree = "<group>"; };
		A62DE87626B28C9600D2036E /* UITextField+Extensions.h */ = {isa = PBXFileReference; lastKnownFileType = sourcecode.c.h; path = "UITextField+Extensions.h"; sourceTree = "<group>"; };
		A632CB4E269CD5280078E0AF /* ArtDrop.app */ = {isa = PBXFileReference; explicitFileType = wrapper.application; includeInIndex = 0; path = ArtDrop.app; sourceTree = BUILT_PRODUCTS_DIR; };
		A632CB51269CD5280078E0AF /* AppDelegate.h */ = {isa = PBXFileReference; lastKnownFileType = sourcecode.c.h; path = AppDelegate.h; sourceTree = "<group>"; };
		A632CB52269CD5280078E0AF /* AppDelegate.m */ = {isa = PBXFileReference; lastKnownFileType = sourcecode.c.objc; path = AppDelegate.m; sourceTree = "<group>"; };
		A632CB54269CD5280078E0AF /* SceneDelegate.h */ = {isa = PBXFileReference; lastKnownFileType = sourcecode.c.h; path = SceneDelegate.h; sourceTree = "<group>"; };
		A632CB55269CD5280078E0AF /* SceneDelegate.m */ = {isa = PBXFileReference; lastKnownFileType = sourcecode.c.objc; path = SceneDelegate.m; sourceTree = "<group>"; };
		A632CB5B269CD5280078E0AF /* Base */ = {isa = PBXFileReference; lastKnownFileType = file.storyboard; name = Base; path = Base.lproj/Main.storyboard; sourceTree = "<group>"; };
		A632CB5D269CD52B0078E0AF /* Assets.xcassets */ = {isa = PBXFileReference; lastKnownFileType = folder.assetcatalog; path = Assets.xcassets; sourceTree = "<group>"; };
		A632CB60269CD52B0078E0AF /* Base */ = {isa = PBXFileReference; lastKnownFileType = file.storyboard; name = Base; path = Base.lproj/LaunchScreen.storyboard; sourceTree = "<group>"; };
		A632CB62269CD52B0078E0AF /* Info.plist */ = {isa = PBXFileReference; lastKnownFileType = text.plist.xml; path = Info.plist; sourceTree = "<group>"; };
		A632CB63269CD52B0078E0AF /* main.m */ = {isa = PBXFileReference; lastKnownFileType = sourcecode.c.objc; path = main.m; sourceTree = "<group>"; };
		A632CB69269CD52B0078E0AF /* ArtDropTests.xctest */ = {isa = PBXFileReference; explicitFileType = wrapper.cfbundle; includeInIndex = 0; path = ArtDropTests.xctest; sourceTree = BUILT_PRODUCTS_DIR; };
		A632CB6D269CD52B0078E0AF /* ArtDropTests.m */ = {isa = PBXFileReference; lastKnownFileType = sourcecode.c.objc; path = ArtDropTests.m; sourceTree = "<group>"; };
		A632CB6F269CD52B0078E0AF /* Info.plist */ = {isa = PBXFileReference; lastKnownFileType = text.plist.xml; path = Info.plist; sourceTree = "<group>"; };
		A632CB74269CD52B0078E0AF /* ArtDropUITests.xctest */ = {isa = PBXFileReference; explicitFileType = wrapper.cfbundle; includeInIndex = 0; path = ArtDropUITests.xctest; sourceTree = BUILT_PRODUCTS_DIR; };
		A632CB78269CD52B0078E0AF /* ArtDropUITests.m */ = {isa = PBXFileReference; lastKnownFileType = sourcecode.c.objc; path = ArtDropUITests.m; sourceTree = "<group>"; };
		A632CB7A269CD52B0078E0AF /* Info.plist */ = {isa = PBXFileReference; lastKnownFileType = text.plist.xml; path = Info.plist; sourceTree = "<group>"; };
		A632CB89269D2AAB0078E0AF /* LoginViewController.h */ = {isa = PBXFileReference; lastKnownFileType = sourcecode.c.h; path = LoginViewController.h; sourceTree = "<group>"; };
		A632CB8A269D2AAB0078E0AF /* LoginViewController.m */ = {isa = PBXFileReference; lastKnownFileType = sourcecode.c.objc; path = LoginViewController.m; sourceTree = "<group>"; };
		A632CB8C269D30BB0078E0AF /* SignUpViewController.h */ = {isa = PBXFileReference; lastKnownFileType = sourcecode.c.h; path = SignUpViewController.h; sourceTree = "<group>"; };
		A632CB8D269D30BB0078E0AF /* SignUpViewController.m */ = {isa = PBXFileReference; lastKnownFileType = sourcecode.c.objc; path = SignUpViewController.m; sourceTree = "<group>"; };
		A632CB8F269D411B0078E0AF /* FeedViewController.h */ = {isa = PBXFileReference; lastKnownFileType = sourcecode.c.h; path = FeedViewController.h; sourceTree = "<group>"; };
		A632CB90269D411B0078E0AF /* FeedViewController.m */ = {isa = PBXFileReference; lastKnownFileType = sourcecode.c.objc; path = FeedViewController.m; sourceTree = "<group>"; };
		A632CB92269D52370078E0AF /* Post.h */ = {isa = PBXFileReference; lastKnownFileType = sourcecode.c.h; path = Post.h; sourceTree = "<group>"; };
		A632CB93269D52370078E0AF /* Post.m */ = {isa = PBXFileReference; lastKnownFileType = sourcecode.c.objc; path = Post.m; sourceTree = "<group>"; };
		A632CB95269D54770078E0AF /* PostCell.h */ = {isa = PBXFileReference; lastKnownFileType = sourcecode.c.h; path = PostCell.h; sourceTree = "<group>"; };
		A632CB96269D54770078E0AF /* PostCell.m */ = {isa = PBXFileReference; lastKnownFileType = sourcecode.c.objc; path = PostCell.m; sourceTree = "<group>"; };
		A632CB98269D569E0078E0AF /* SellViewController.h */ = {isa = PBXFileReference; lastKnownFileType = sourcecode.c.h; path = SellViewController.h; sourceTree = "<group>"; };
		A632CB99269D569E0078E0AF /* SellViewController.m */ = {isa = PBXFileReference; lastKnownFileType = sourcecode.c.objc; path = SellViewController.m; sourceTree = "<group>"; };
		A632CB9B269D58B10078E0AF /* ProfileViewController.h */ = {isa = PBXFileReference; lastKnownFileType = sourcecode.c.h; path = ProfileViewController.h; sourceTree = "<group>"; };
		A632CB9C269D58B10078E0AF /* ProfileViewController.m */ = {isa = PBXFileReference; lastKnownFileType = sourcecode.c.objc; path = ProfileViewController.m; sourceTree = "<group>"; };
		A632CB9E269E53B30078E0AF /* Artist.h */ = {isa = PBXFileReference; lastKnownFileType = sourcecode.c.h; path = Artist.h; sourceTree = "<group>"; };
		A632CB9F269E53B30078E0AF /* Artist.m */ = {isa = PBXFileReference; lastKnownFileType = sourcecode.c.objc; path = Artist.m; sourceTree = "<group>"; };
		A632CBA1269FA0E50078E0AF /* DetailViewController.h */ = {isa = PBXFileReference; lastKnownFileType = sourcecode.c.h; path = DetailViewController.h; sourceTree = "<group>"; };
		A632CBA2269FA0E50078E0AF /* DetailViewController.m */ = {isa = PBXFileReference; lastKnownFileType = sourcecode.c.objc; path = DetailViewController.m; sourceTree = "<group>"; };
		A632CBA426A162850078E0AF /* PostCollectionCell.h */ = {isa = PBXFileReference; lastKnownFileType = sourcecode.c.h; path = PostCollectionCell.h; sourceTree = "<group>"; };
		A632CBA526A162850078E0AF /* PostCollectionCell.m */ = {isa = PBXFileReference; lastKnownFileType = sourcecode.c.objc; path = PostCollectionCell.m; sourceTree = "<group>"; };
		A632CBA726A1675F0078E0AF /* SettingsViewController.h */ = {isa = PBXFileReference; lastKnownFileType = sourcecode.c.h; path = SettingsViewController.h; sourceTree = "<group>"; };
		A632CBA826A1675F0078E0AF /* SettingsViewController.m */ = {isa = PBXFileReference; lastKnownFileType = sourcecode.c.objc; path = SettingsViewController.m; sourceTree = "<group>"; };
		A632CBAA26A7FD000078E0AF /* ArtistViewController.h */ = {isa = PBXFileReference; lastKnownFileType = sourcecode.c.h; path = ArtistViewController.h; sourceTree = "<group>"; };
		A632CBAB26A7FD000078E0AF /* ArtistViewController.m */ = {isa = PBXFileReference; lastKnownFileType = sourcecode.c.objc; path = ArtistViewController.m; sourceTree = "<group>"; };
		A632CBAD26A8786F0078E0AF /* Location.h */ = {isa = PBXFileReference; lastKnownFileType = sourcecode.c.h; path = Location.h; sourceTree = "<group>"; };
		A632CBAE26A8786F0078E0AF /* Location.m */ = {isa = PBXFileReference; lastKnownFileType = sourcecode.c.objc; path = Location.m; sourceTree = "<group>"; };
		A632CBB026AB8D310078E0AF /* ExploreViewController.h */ = {isa = PBXFileReference; lastKnownFileType = sourcecode.c.h; path = ExploreViewController.h; sourceTree = "<group>"; };
		A632CBB126AB8D310078E0AF /* ExploreViewController.m */ = {isa = PBXFileReference; lastKnownFileType = sourcecode.c.objc; path = ExploreViewController.m; sourceTree = "<group>"; };
		C001863EC7CBA639455B91DB /* Pods_ArtDrop.framework */ = {isa = PBXFileReference; explicitFileType = wrapper.framework; includeInIndex = 0; path = Pods_ArtDrop.framework; sourceTree = BUILT_PRODUCTS_DIR; };
		D7343A087CFA40A7D43EE332 /* Pods-ArtDrop-ArtDropUITests.debug.xcconfig */ = {isa = PBXFileReference; includeInIndex = 1; lastKnownFileType = text.xcconfig; name = "Pods-ArtDrop-ArtDropUITests.debug.xcconfig"; path = "Target Support Files/Pods-ArtDrop-ArtDropUITests/Pods-ArtDrop-ArtDropUITests.debug.xcconfig"; sourceTree = "<group>"; };
		EDB99C11005522252F3CA526 /* Pods-ArtDropTests.release.xcconfig */ = {isa = PBXFileReference; includeInIndex = 1; lastKnownFileType = text.xcconfig; name = "Pods-ArtDropTests.release.xcconfig"; path = "Target Support Files/Pods-ArtDropTests/Pods-ArtDropTests.release.xcconfig"; sourceTree = "<group>"; };
/* End PBXFileReference section */

/* Begin PBXFrameworksBuildPhase section */
		A632CB4B269CD5280078E0AF /* Frameworks */ = {
			isa = PBXFrameworksBuildPhase;
			buildActionMask = 2147483647;
			files = (
				54D433FDC34FA8D4D8B86A93 /* Pods_ArtDrop.framework in Frameworks */,
			);
			runOnlyForDeploymentPostprocessing = 0;
		};
		A632CB66269CD52B0078E0AF /* Frameworks */ = {
			isa = PBXFrameworksBuildPhase;
			buildActionMask = 2147483647;
			files = (
				0C07149ED17F866BBB4BD8E0 /* Pods_ArtDropTests.framework in Frameworks */,
			);
			runOnlyForDeploymentPostprocessing = 0;
		};
		A632CB71269CD52B0078E0AF /* Frameworks */ = {
			isa = PBXFrameworksBuildPhase;
			buildActionMask = 2147483647;
			files = (
				A9D37C84EF904A146AA35D1A /* Pods_ArtDrop_ArtDropUITests.framework in Frameworks */,
			);
			runOnlyForDeploymentPostprocessing = 0;
		};
/* End PBXFrameworksBuildPhase section */

/* Begin PBXGroup section */
		041BF1F183A96A87338B10D9 /* Pods */ = {
			isa = PBXGroup;
			children = (
				11BD2E745DBB845B85105673 /* Pods-ArtDrop.debug.xcconfig */,
				1C54311AF6C7A5097A9A7B14 /* Pods-ArtDrop.release.xcconfig */,
				D7343A087CFA40A7D43EE332 /* Pods-ArtDrop-ArtDropUITests.debug.xcconfig */,
				0F29D58F2398D6B0265143F8 /* Pods-ArtDrop-ArtDropUITests.release.xcconfig */,
				1E3C26CBDDB2F8B17657DE65 /* Pods-ArtDropTests.debug.xcconfig */,
				EDB99C11005522252F3CA526 /* Pods-ArtDropTests.release.xcconfig */,
			);
			path = Pods;
			sourceTree = "<group>";
		};
		2A749B2230AFD8D645F4E690 /* Frameworks */ = {
			isa = PBXGroup;
			children = (
				C001863EC7CBA639455B91DB /* Pods_ArtDrop.framework */,
				199082B368D18557D77A009D /* Pods_ArtDrop_ArtDropUITests.framework */,
				5EE92EACA69F1F1906E6C3F4 /* Pods_ArtDropTests.framework */,
			);
			name = Frameworks;
			sourceTree = "<group>";
		};
		A62DE86426B2395B00D2036E /* Networking */ = {
			isa = PBXGroup;
			children = (
				A62DE86526B2398900D2036E /* ArtAPIManager.h */,
				A62DE86626B2398900D2036E /* ArtAPIManager.m */,
			);
			name = Networking;
			path = ..;
			sourceTree = "<group>";
		};
		A62DE86B26B287DC00D2036E /* Extensions */ = {
			isa = PBXGroup;
			children = (
				A62DE87326B28A3D00D2036E /* UIButton+Extensions.h */,
				A62DE87126B28A2E00D2036E /* UIButton+Extensions.m */,
				A62DE87626B28C9600D2036E /* UITextField+Extensions.h */,
				A62DE87426B28C8800D2036E /* UITextField+Extensions.m */,
			);
			path = Extensions;
			sourceTree = "<group>";
		};
		A632CB45269CD5280078E0AF = {
			isa = PBXGroup;
			children = (
				A632CB50269CD5280078E0AF /* ArtDrop */,
				A632CB6C269CD52B0078E0AF /* ArtDropTests */,
				A632CB77269CD52B0078E0AF /* ArtDropUITests */,
				A632CB4F269CD5280078E0AF /* Products */,
				041BF1F183A96A87338B10D9 /* Pods */,
				2A749B2230AFD8D645F4E690 /* Frameworks */,
			);
			sourceTree = "<group>";
		};
		A632CB4F269CD5280078E0AF /* Products */ = {
			isa = PBXGroup;
			children = (
				A632CB4E269CD5280078E0AF /* ArtDrop.app */,
				A632CB69269CD52B0078E0AF /* ArtDropTests.xctest */,
				A632CB74269CD52B0078E0AF /* ArtDropUITests.xctest */,
			);
			name = Products;
			sourceTree = "<group>";
		};
		A632CB50269CD5280078E0AF /* ArtDrop */ = {
			isa = PBXGroup;
			children = (
				A632CB88269CE7CE0078E0AF /* View Controllers */,
				A632CB86269CE7B50078E0AF /* Models */,
				A632CB87269CE7C10078E0AF /* Views */,
				A62DE86426B2395B00D2036E /* Networking */,
				A62DE86B26B287DC00D2036E /* Extensions */,
				A632CB51269CD5280078E0AF /* AppDelegate.h */,
				A632CB52269CD5280078E0AF /* AppDelegate.m */,
				A632CB54269CD5280078E0AF /* SceneDelegate.h */,
				A632CB55269CD5280078E0AF /* SceneDelegate.m */,
				A632CB5A269CD5280078E0AF /* Main.storyboard */,
				A632CB5D269CD52B0078E0AF /* Assets.xcassets */,
				A632CB5F269CD52B0078E0AF /* LaunchScreen.storyboard */,
				A632CB62269CD52B0078E0AF /* Info.plist */,
				A632CB63269CD52B0078E0AF /* main.m */,
			);
			path = ArtDrop;
			sourceTree = "<group>";
		};
		A632CB6C269CD52B0078E0AF /* ArtDropTests */ = {
			isa = PBXGroup;
			children = (
				A632CB6D269CD52B0078E0AF /* ArtDropTests.m */,
				A632CB6F269CD52B0078E0AF /* Info.plist */,
			);
			path = ArtDropTests;
			sourceTree = "<group>";
		};
		A632CB77269CD52B0078E0AF /* ArtDropUITests */ = {
			isa = PBXGroup;
			children = (
				A632CB78269CD52B0078E0AF /* ArtDropUITests.m */,
				A632CB7A269CD52B0078E0AF /* Info.plist */,
			);
			path = ArtDropUITests;
			sourceTree = "<group>";
		};
		A632CB86269CE7B50078E0AF /* Models */ = {
			isa = PBXGroup;
			children = (
				A632CB92269D52370078E0AF /* Post.h */,
				A632CB93269D52370078E0AF /* Post.m */,
				A632CB9E269E53B30078E0AF /* Artist.h */,
				A632CB9F269E53B30078E0AF /* Artist.m */,
				A632CBAD26A8786F0078E0AF /* Location.h */,
				A632CBAE26A8786F0078E0AF /* Location.m */,
			);
			path = Models;
			sourceTree = "<group>";
		};
		A632CB87269CE7C10078E0AF /* Views */ = {
			isa = PBXGroup;
			children = (
				A632CB95269D54770078E0AF /* PostCell.h */,
				A632CB96269D54770078E0AF /* PostCell.m */,
				A62DE86826B277B600D2036E /* ArtistCollectionCell.h */,
				A62DE86926B277B600D2036E /* ArtistCollectionCell.m */,
				A632CBA426A162850078E0AF /* PostCollectionCell.h */,
				A632CBA526A162850078E0AF /* PostCollectionCell.m */,
				A62DE85626B1790300D2036E /* ArtAnnotation.h */,
				A62DE85726B1790300D2036E /* ArtAnnotation.m */,
				A62DE85F26B18C3500D2036E /* SearchCell.h */,
				A62DE86026B18C3500D2036E /* SearchCell.m */,
			);
			path = Views;
			sourceTree = "<group>";
		};
		A632CB88269CE7CE0078E0AF /* View Controllers */ = {
			isa = PBXGroup;
			children = (
				A632CB89269D2AAB0078E0AF /* LoginViewController.h */,
				A632CB8A269D2AAB0078E0AF /* LoginViewController.m */,
				A632CB8C269D30BB0078E0AF /* SignUpViewController.h */,
				A632CB8D269D30BB0078E0AF /* SignUpViewController.m */,
				A632CB8F269D411B0078E0AF /* FeedViewController.h */,
				A632CB90269D411B0078E0AF /* FeedViewController.m */,
				A632CB98269D569E0078E0AF /* SellViewController.h */,
				A632CB99269D569E0078E0AF /* SellViewController.m */,
				A632CB9B269D58B10078E0AF /* ProfileViewController.h */,
				A632CB9C269D58B10078E0AF /* ProfileViewController.m */,
				A632CBA1269FA0E50078E0AF /* DetailViewController.h */,
				A632CBA2269FA0E50078E0AF /* DetailViewController.m */,
				A632CBA726A1675F0078E0AF /* SettingsViewController.h */,
				A632CBA826A1675F0078E0AF /* SettingsViewController.m */,
				A632CBAA26A7FD000078E0AF /* ArtistViewController.h */,
				A632CBAB26A7FD000078E0AF /* ArtistViewController.m */,
				A632CBB026AB8D310078E0AF /* ExploreViewController.h */,
				A632CBB126AB8D310078E0AF /* ExploreViewController.m */,
				A62DE85026B0B02900D2036E /* MapViewController.h */,
				A62DE85126B0B02900D2036E /* MapViewController.m */,
			);
			path = "View Controllers";
			sourceTree = "<group>";
		};
/* End PBXGroup section */

/* Begin PBXNativeTarget section */
		A632CB4D269CD5280078E0AF /* ArtDrop */ = {
			isa = PBXNativeTarget;
			buildConfigurationList = A632CB7D269CD52B0078E0AF /* Build configuration list for PBXNativeTarget "ArtDrop" */;
			buildPhases = (
				C5A32CF9BA698D0C8A750786 /* [CP] Check Pods Manifest.lock */,
				A632CB4A269CD5280078E0AF /* Sources */,
				A632CB4B269CD5280078E0AF /* Frameworks */,
				A632CB4C269CD5280078E0AF /* Resources */,
				308AA49FA268B4A3A6E70A7B /* [CP] Embed Pods Frameworks */,
			);
			buildRules = (
			);
			dependencies = (
			);
			name = ArtDrop;
			productName = ArtDrop;
			productReference = A632CB4E269CD5280078E0AF /* ArtDrop.app */;
			productType = "com.apple.product-type.application";
		};
		A632CB68269CD52B0078E0AF /* ArtDropTests */ = {
			isa = PBXNativeTarget;
			buildConfigurationList = A632CB80269CD52B0078E0AF /* Build configuration list for PBXNativeTarget "ArtDropTests" */;
			buildPhases = (
				12A7A61DA34B08A2E3C19856 /* [CP] Check Pods Manifest.lock */,
				A632CB65269CD52B0078E0AF /* Sources */,
				A632CB66269CD52B0078E0AF /* Frameworks */,
				A632CB67269CD52B0078E0AF /* Resources */,
			);
			buildRules = (
			);
			dependencies = (
				A632CB6B269CD52B0078E0AF /* PBXTargetDependency */,
			);
			name = ArtDropTests;
			productName = ArtDropTests;
			productReference = A632CB69269CD52B0078E0AF /* ArtDropTests.xctest */;
			productType = "com.apple.product-type.bundle.unit-test";
		};
		A632CB73269CD52B0078E0AF /* ArtDropUITests */ = {
			isa = PBXNativeTarget;
			buildConfigurationList = A632CB83269CD52B0078E0AF /* Build configuration list for PBXNativeTarget "ArtDropUITests" */;
			buildPhases = (
				5F8B568A8BD331AE09891668 /* [CP] Check Pods Manifest.lock */,
				A632CB70269CD52B0078E0AF /* Sources */,
				A632CB71269CD52B0078E0AF /* Frameworks */,
				A632CB72269CD52B0078E0AF /* Resources */,
				8C9A7A4AAC52FC5D2D6270C1 /* [CP] Embed Pods Frameworks */,
			);
			buildRules = (
			);
			dependencies = (
				A632CB76269CD52B0078E0AF /* PBXTargetDependency */,
			);
			name = ArtDropUITests;
			productName = ArtDropUITests;
			productReference = A632CB74269CD52B0078E0AF /* ArtDropUITests.xctest */;
			productType = "com.apple.product-type.bundle.ui-testing";
		};
/* End PBXNativeTarget section */

/* Begin PBXProject section */
		A632CB46269CD5280078E0AF /* Project object */ = {
			isa = PBXProject;
			attributes = {
				LastUpgradeCheck = 1250;
				TargetAttributes = {
					A632CB4D269CD5280078E0AF = {
						CreatedOnToolsVersion = 12.5.1;
					};
					A632CB68269CD52B0078E0AF = {
						CreatedOnToolsVersion = 12.5.1;
						TestTargetID = A632CB4D269CD5280078E0AF;
					};
					A632CB73269CD52B0078E0AF = {
						CreatedOnToolsVersion = 12.5.1;
						TestTargetID = A632CB4D269CD5280078E0AF;
					};
				};
			};
			buildConfigurationList = A632CB49269CD5280078E0AF /* Build configuration list for PBXProject "ArtDrop" */;
			compatibilityVersion = "Xcode 9.3";
			developmentRegion = en;
			hasScannedForEncodings = 0;
			knownRegions = (
				en,
				Base,
			);
			mainGroup = A632CB45269CD5280078E0AF;
			productRefGroup = A632CB4F269CD5280078E0AF /* Products */;
			projectDirPath = "";
			projectRoot = "";
			targets = (
				A632CB4D269CD5280078E0AF /* ArtDrop */,
				A632CB68269CD52B0078E0AF /* ArtDropTests */,
				A632CB73269CD52B0078E0AF /* ArtDropUITests */,
			);
		};
/* End PBXProject section */

/* Begin PBXResourcesBuildPhase section */
		A632CB4C269CD5280078E0AF /* Resources */ = {
			isa = PBXResourcesBuildPhase;
			buildActionMask = 2147483647;
			files = (
				A632CB61269CD52B0078E0AF /* LaunchScreen.storyboard in Resources */,
				A632CB5E269CD52B0078E0AF /* Assets.xcassets in Resources */,
				A632CB5C269CD5280078E0AF /* Main.storyboard in Resources */,
			);
			runOnlyForDeploymentPostprocessing = 0;
		};
		A632CB67269CD52B0078E0AF /* Resources */ = {
			isa = PBXResourcesBuildPhase;
			buildActionMask = 2147483647;
			files = (
			);
			runOnlyForDeploymentPostprocessing = 0;
		};
		A632CB72269CD52B0078E0AF /* Resources */ = {
			isa = PBXResourcesBuildPhase;
			buildActionMask = 2147483647;
			files = (
			);
			runOnlyForDeploymentPostprocessing = 0;
		};
/* End PBXResourcesBuildPhase section */

/* Begin PBXShellScriptBuildPhase section */
		12A7A61DA34B08A2E3C19856 /* [CP] Check Pods Manifest.lock */ = {
			isa = PBXShellScriptBuildPhase;
			buildActionMask = 2147483647;
			files = (
			);
			inputFileListPaths = (
			);
			inputPaths = (
				"${PODS_PODFILE_DIR_PATH}/Podfile.lock",
				"${PODS_ROOT}/Manifest.lock",
			);
			name = "[CP] Check Pods Manifest.lock";
			outputFileListPaths = (
			);
			outputPaths = (
				"$(DERIVED_FILE_DIR)/Pods-ArtDropTests-checkManifestLockResult.txt",
			);
			runOnlyForDeploymentPostprocessing = 0;
			shellPath = /bin/sh;
			shellScript = "diff \"${PODS_PODFILE_DIR_PATH}/Podfile.lock\" \"${PODS_ROOT}/Manifest.lock\" > /dev/null\nif [ $? != 0 ] ; then\n    # print error to STDERR\n    echo \"error: The sandbox is not in sync with the Podfile.lock. Run 'pod install' or update your CocoaPods installation.\" >&2\n    exit 1\nfi\n# This output is used by Xcode 'outputs' to avoid re-running this script phase.\necho \"SUCCESS\" > \"${SCRIPT_OUTPUT_FILE_0}\"\n";
			showEnvVarsInLog = 0;
		};
		308AA49FA268B4A3A6E70A7B /* [CP] Embed Pods Frameworks */ = {
			isa = PBXShellScriptBuildPhase;
			buildActionMask = 2147483647;
			files = (
			);
			inputFileListPaths = (
				"${PODS_ROOT}/Target Support Files/Pods-ArtDrop/Pods-ArtDrop-frameworks-${CONFIGURATION}-input-files.xcfilelist",
			);
			name = "[CP] Embed Pods Frameworks";
			outputFileListPaths = (
				"${PODS_ROOT}/Target Support Files/Pods-ArtDrop/Pods-ArtDrop-frameworks-${CONFIGURATION}-output-files.xcfilelist",
			);
			runOnlyForDeploymentPostprocessing = 0;
			shellPath = /bin/sh;
			shellScript = "\"${PODS_ROOT}/Target Support Files/Pods-ArtDrop/Pods-ArtDrop-frameworks.sh\"\n";
			showEnvVarsInLog = 0;
		};
		5F8B568A8BD331AE09891668 /* [CP] Check Pods Manifest.lock */ = {
			isa = PBXShellScriptBuildPhase;
			buildActionMask = 2147483647;
			files = (
			);
			inputFileListPaths = (
			);
			inputPaths = (
				"${PODS_PODFILE_DIR_PATH}/Podfile.lock",
				"${PODS_ROOT}/Manifest.lock",
			);
			name = "[CP] Check Pods Manifest.lock";
			outputFileListPaths = (
			);
			outputPaths = (
				"$(DERIVED_FILE_DIR)/Pods-ArtDrop-ArtDropUITests-checkManifestLockResult.txt",
			);
			runOnlyForDeploymentPostprocessing = 0;
			shellPath = /bin/sh;
			shellScript = "diff \"${PODS_PODFILE_DIR_PATH}/Podfile.lock\" \"${PODS_ROOT}/Manifest.lock\" > /dev/null\nif [ $? != 0 ] ; then\n    # print error to STDERR\n    echo \"error: The sandbox is not in sync with the Podfile.lock. Run 'pod install' or update your CocoaPods installation.\" >&2\n    exit 1\nfi\n# This output is used by Xcode 'outputs' to avoid re-running this script phase.\necho \"SUCCESS\" > \"${SCRIPT_OUTPUT_FILE_0}\"\n";
			showEnvVarsInLog = 0;
		};
		8C9A7A4AAC52FC5D2D6270C1 /* [CP] Embed Pods Frameworks */ = {
			isa = PBXShellScriptBuildPhase;
			buildActionMask = 2147483647;
			files = (
			);
			inputFileListPaths = (
				"${PODS_ROOT}/Target Support Files/Pods-ArtDrop-ArtDropUITests/Pods-ArtDrop-ArtDropUITests-frameworks-${CONFIGURATION}-input-files.xcfilelist",
			);
			name = "[CP] Embed Pods Frameworks";
			outputFileListPaths = (
				"${PODS_ROOT}/Target Support Files/Pods-ArtDrop-ArtDropUITests/Pods-ArtDrop-ArtDropUITests-frameworks-${CONFIGURATION}-output-files.xcfilelist",
			);
			runOnlyForDeploymentPostprocessing = 0;
			shellPath = /bin/sh;
			shellScript = "\"${PODS_ROOT}/Target Support Files/Pods-ArtDrop-ArtDropUITests/Pods-ArtDrop-ArtDropUITests-frameworks.sh\"\n";
			showEnvVarsInLog = 0;
		};
		C5A32CF9BA698D0C8A750786 /* [CP] Check Pods Manifest.lock */ = {
			isa = PBXShellScriptBuildPhase;
			buildActionMask = 2147483647;
			files = (
			);
			inputFileListPaths = (
			);
			inputPaths = (
				"${PODS_PODFILE_DIR_PATH}/Podfile.lock",
				"${PODS_ROOT}/Manifest.lock",
			);
			name = "[CP] Check Pods Manifest.lock";
			outputFileListPaths = (
			);
			outputPaths = (
				"$(DERIVED_FILE_DIR)/Pods-ArtDrop-checkManifestLockResult.txt",
			);
			runOnlyForDeploymentPostprocessing = 0;
			shellPath = /bin/sh;
			shellScript = "diff \"${PODS_PODFILE_DIR_PATH}/Podfile.lock\" \"${PODS_ROOT}/Manifest.lock\" > /dev/null\nif [ $? != 0 ] ; then\n    # print error to STDERR\n    echo \"error: The sandbox is not in sync with the Podfile.lock. Run 'pod install' or update your CocoaPods installation.\" >&2\n    exit 1\nfi\n# This output is used by Xcode 'outputs' to avoid re-running this script phase.\necho \"SUCCESS\" > \"${SCRIPT_OUTPUT_FILE_0}\"\n";
			showEnvVarsInLog = 0;
		};
/* End PBXShellScriptBuildPhase section */

/* Begin PBXSourcesBuildPhase section */
		A632CB4A269CD5280078E0AF /* Sources */ = {
			isa = PBXSourcesBuildPhase;
			buildActionMask = 2147483647;
			files = (
				A632CB9A269D569E0078E0AF /* SellViewController.m in Sources */,
				A62DE86726B2398900D2036E /* ArtAPIManager.m in Sources */,
				A632CB8B269D2AAB0078E0AF /* LoginViewController.m in Sources */,
				A632CB8E269D30BB0078E0AF /* SignUpViewController.m in Sources */,
				A62DE86A26B277B600D2036E /* ArtistCollectionCell.m in Sources */,
				A62DE87226B28A2E00D2036E /* UIButton+Extensions.m in Sources */,
				A62DE85226B0B02900D2036E /* MapViewController.m in Sources */,
				A632CB53269CD5280078E0AF /* AppDelegate.m in Sources */,
				A632CBAC26A7FD000078E0AF /* ArtistViewController.m in Sources */,
				A632CBA626A162850078E0AF /* PostCollectionCell.m in Sources */,
				A632CBA0269E53B30078E0AF /* Artist.m in Sources */,
				A632CB9D269D58B10078E0AF /* ProfileViewController.m in Sources */,
				A62DE85826B1790300D2036E /* ArtAnnotation.m in Sources */,
				A632CB97269D54770078E0AF /* PostCell.m in Sources */,
				A632CB64269CD52B0078E0AF /* main.m in Sources */,
				A632CB91269D411B0078E0AF /* FeedViewController.m in Sources */,
				A632CB56269CD5280078E0AF /* SceneDelegate.m in Sources */,
				A632CB94269D52370078E0AF /* Post.m in Sources */,
				A632CBA3269FA0E50078E0AF /* DetailViewController.m in Sources */,
				A632CBB226AB8D310078E0AF /* ExploreViewController.m in Sources */,
				A62DE86126B18C3500D2036E /* SearchCell.m in Sources */,
				A62DE87526B28C8800D2036E /* UITextField+Extensions.m in Sources */,
				A632CBAF26A8786F0078E0AF /* Location.m in Sources */,
				A632CBA926A1675F0078E0AF /* SettingsViewController.m in Sources */,
			);
			runOnlyForDeploymentPostprocessing = 0;
		};
		A632CB65269CD52B0078E0AF /* Sources */ = {
			isa = PBXSourcesBuildPhase;
			buildActionMask = 2147483647;
			files = (
				A632CB6E269CD52B0078E0AF /* ArtDropTests.m in Sources */,
			);
			runOnlyForDeploymentPostprocessing = 0;
		};
		A632CB70269CD52B0078E0AF /* Sources */ = {
			isa = PBXSourcesBuildPhase;
			buildActionMask = 2147483647;
			files = (
				A632CB79269CD52B0078E0AF /* ArtDropUITests.m in Sources */,
			);
			runOnlyForDeploymentPostprocessing = 0;
		};
/* End PBXSourcesBuildPhase section */

/* Begin PBXTargetDependency section */
		A632CB6B269CD52B0078E0AF /* PBXTargetDependency */ = {
			isa = PBXTargetDependency;
			target = A632CB4D269CD5280078E0AF /* ArtDrop */;
			targetProxy = A632CB6A269CD52B0078E0AF /* PBXContainerItemProxy */;
		};
		A632CB76269CD52B0078E0AF /* PBXTargetDependency */ = {
			isa = PBXTargetDependency;
			target = A632CB4D269CD5280078E0AF /* ArtDrop */;
			targetProxy = A632CB75269CD52B0078E0AF /* PBXContainerItemProxy */;
		};
/* End PBXTargetDependency section */

/* Begin PBXVariantGroup section */
		A632CB5A269CD5280078E0AF /* Main.storyboard */ = {
			isa = PBXVariantGroup;
			children = (
				A632CB5B269CD5280078E0AF /* Base */,
			);
			name = Main.storyboard;
			sourceTree = "<group>";
		};
		A632CB5F269CD52B0078E0AF /* LaunchScreen.storyboard */ = {
			isa = PBXVariantGroup;
			children = (
				A632CB60269CD52B0078E0AF /* Base */,
			);
			name = LaunchScreen.storyboard;
			sourceTree = "<group>";
		};
/* End PBXVariantGroup section */

/* Begin XCBuildConfiguration section */
		A632CB7B269CD52B0078E0AF /* Debug */ = {
			isa = XCBuildConfiguration;
			buildSettings = {
				ALWAYS_SEARCH_USER_PATHS = NO;
				CLANG_ANALYZER_NONNULL = YES;
				CLANG_ANALYZER_NUMBER_OBJECT_CONVERSION = YES_AGGRESSIVE;
				CLANG_CXX_LANGUAGE_STANDARD = "gnu++14";
				CLANG_CXX_LIBRARY = "libc++";
				CLANG_ENABLE_MODULES = YES;
				CLANG_ENABLE_OBJC_ARC = YES;
				CLANG_ENABLE_OBJC_WEAK = YES;
				CLANG_WARN_BLOCK_CAPTURE_AUTORELEASING = YES;
				CLANG_WARN_BOOL_CONVERSION = YES;
				CLANG_WARN_COMMA = YES;
				CLANG_WARN_CONSTANT_CONVERSION = YES;
				CLANG_WARN_DEPRECATED_OBJC_IMPLEMENTATIONS = YES;
				CLANG_WARN_DIRECT_OBJC_ISA_USAGE = YES_ERROR;
				CLANG_WARN_DOCUMENTATION_COMMENTS = YES;
				CLANG_WARN_EMPTY_BODY = YES;
				CLANG_WARN_ENUM_CONVERSION = YES;
				CLANG_WARN_INFINITE_RECURSION = YES;
				CLANG_WARN_INT_CONVERSION = YES;
				CLANG_WARN_NON_LITERAL_NULL_CONVERSION = YES;
				CLANG_WARN_OBJC_IMPLICIT_RETAIN_SELF = YES;
				CLANG_WARN_OBJC_LITERAL_CONVERSION = YES;
				CLANG_WARN_OBJC_ROOT_CLASS = YES_ERROR;
				CLANG_WARN_QUOTED_INCLUDE_IN_FRAMEWORK_HEADER = YES;
				CLANG_WARN_RANGE_LOOP_ANALYSIS = YES;
				CLANG_WARN_STRICT_PROTOTYPES = YES;
				CLANG_WARN_SUSPICIOUS_MOVE = YES;
				CLANG_WARN_UNGUARDED_AVAILABILITY = YES_AGGRESSIVE;
				CLANG_WARN_UNREACHABLE_CODE = YES;
				CLANG_WARN__DUPLICATE_METHOD_MATCH = YES;
				COPY_PHASE_STRIP = NO;
				DEBUG_INFORMATION_FORMAT = dwarf;
				ENABLE_STRICT_OBJC_MSGSEND = YES;
				ENABLE_TESTABILITY = YES;
				GCC_C_LANGUAGE_STANDARD = gnu11;
				GCC_DYNAMIC_NO_PIC = NO;
				GCC_NO_COMMON_BLOCKS = YES;
				GCC_OPTIMIZATION_LEVEL = 0;
				GCC_PREPROCESSOR_DEFINITIONS = (
					"DEBUG=1",
					"$(inherited)",
				);
				GCC_WARN_64_TO_32_BIT_CONVERSION = YES;
				GCC_WARN_ABOUT_RETURN_TYPE = YES_ERROR;
				GCC_WARN_UNDECLARED_SELECTOR = YES;
				GCC_WARN_UNINITIALIZED_AUTOS = YES_AGGRESSIVE;
				GCC_WARN_UNUSED_FUNCTION = YES;
				GCC_WARN_UNUSED_VARIABLE = YES;
				IPHONEOS_DEPLOYMENT_TARGET = 14.5;
				MTL_ENABLE_DEBUG_INFO = INCLUDE_SOURCE;
				MTL_FAST_MATH = YES;
				ONLY_ACTIVE_ARCH = YES;
				SDKROOT = iphoneos;
			};
			name = Debug;
		};
		A632CB7C269CD52B0078E0AF /* Release */ = {
			isa = XCBuildConfiguration;
			buildSettings = {
				ALWAYS_SEARCH_USER_PATHS = NO;
				CLANG_ANALYZER_NONNULL = YES;
				CLANG_ANALYZER_NUMBER_OBJECT_CONVERSION = YES_AGGRESSIVE;
				CLANG_CXX_LANGUAGE_STANDARD = "gnu++14";
				CLANG_CXX_LIBRARY = "libc++";
				CLANG_ENABLE_MODULES = YES;
				CLANG_ENABLE_OBJC_ARC = YES;
				CLANG_ENABLE_OBJC_WEAK = YES;
				CLANG_WARN_BLOCK_CAPTURE_AUTORELEASING = YES;
				CLANG_WARN_BOOL_CONVERSION = YES;
				CLANG_WARN_COMMA = YES;
				CLANG_WARN_CONSTANT_CONVERSION = YES;
				CLANG_WARN_DEPRECATED_OBJC_IMPLEMENTATIONS = YES;
				CLANG_WARN_DIRECT_OBJC_ISA_USAGE = YES_ERROR;
				CLANG_WARN_DOCUMENTATION_COMMENTS = YES;
				CLANG_WARN_EMPTY_BODY = YES;
				CLANG_WARN_ENUM_CONVERSION = YES;
				CLANG_WARN_INFINITE_RECURSION = YES;
				CLANG_WARN_INT_CONVERSION = YES;
				CLANG_WARN_NON_LITERAL_NULL_CONVERSION = YES;
				CLANG_WARN_OBJC_IMPLICIT_RETAIN_SELF = YES;
				CLANG_WARN_OBJC_LITERAL_CONVERSION = YES;
				CLANG_WARN_OBJC_ROOT_CLASS = YES_ERROR;
				CLANG_WARN_QUOTED_INCLUDE_IN_FRAMEWORK_HEADER = YES;
				CLANG_WARN_RANGE_LOOP_ANALYSIS = YES;
				CLANG_WARN_STRICT_PROTOTYPES = YES;
				CLANG_WARN_SUSPICIOUS_MOVE = YES;
				CLANG_WARN_UNGUARDED_AVAILABILITY = YES_AGGRESSIVE;
				CLANG_WARN_UNREACHABLE_CODE = YES;
				CLANG_WARN__DUPLICATE_METHOD_MATCH = YES;
				COPY_PHASE_STRIP = NO;
				DEBUG_INFORMATION_FORMAT = "dwarf-with-dsym";
				ENABLE_NS_ASSERTIONS = NO;
				ENABLE_STRICT_OBJC_MSGSEND = YES;
				GCC_C_LANGUAGE_STANDARD = gnu11;
				GCC_NO_COMMON_BLOCKS = YES;
				GCC_WARN_64_TO_32_BIT_CONVERSION = YES;
				GCC_WARN_ABOUT_RETURN_TYPE = YES_ERROR;
				GCC_WARN_UNDECLARED_SELECTOR = YES;
				GCC_WARN_UNINITIALIZED_AUTOS = YES_AGGRESSIVE;
				GCC_WARN_UNUSED_FUNCTION = YES;
				GCC_WARN_UNUSED_VARIABLE = YES;
				IPHONEOS_DEPLOYMENT_TARGET = 14.5;
				MTL_ENABLE_DEBUG_INFO = NO;
				MTL_FAST_MATH = YES;
				SDKROOT = iphoneos;
				VALIDATE_PRODUCT = YES;
			};
			name = Release;
		};
		A632CB7E269CD52B0078E0AF /* Debug */ = {
			isa = XCBuildConfiguration;
			baseConfigurationReference = 11BD2E745DBB845B85105673 /* Pods-ArtDrop.debug.xcconfig */;
			buildSettings = {
				ASSETCATALOG_COMPILER_APPICON_NAME = AppIcon;
				ASSETCATALOG_COMPILER_GLOBAL_ACCENT_COLOR_NAME = AccentColor;
				CODE_SIGN_STYLE = Automatic;
				DEVELOPMENT_TEAM = G99KL6PDPN;
				INFOPLIST_FILE = ArtDrop/Info.plist;
				LD_RUNPATH_SEARCH_PATHS = (
					"$(inherited)",
					"@executable_path/Frameworks",
				);
				PRODUCT_BUNDLE_IDENTIFIER = com.grxcezhxng.ArtDrop;
				PRODUCT_NAME = "$(TARGET_NAME)";
				TARGETED_DEVICE_FAMILY = "1,2";
			};
			name = Debug;
		};
		A632CB7F269CD52B0078E0AF /* Release */ = {
			isa = XCBuildConfiguration;
			baseConfigurationReference = 1C54311AF6C7A5097A9A7B14 /* Pods-ArtDrop.release.xcconfig */;
			buildSettings = {
				ASSETCATALOG_COMPILER_APPICON_NAME = AppIcon;
				ASSETCATALOG_COMPILER_GLOBAL_ACCENT_COLOR_NAME = AccentColor;
				CODE_SIGN_STYLE = Automatic;
				DEVELOPMENT_TEAM = G99KL6PDPN;
				INFOPLIST_FILE = ArtDrop/Info.plist;
				LD_RUNPATH_SEARCH_PATHS = (
					"$(inherited)",
					"@executable_path/Frameworks",
				);
				PRODUCT_BUNDLE_IDENTIFIER = com.grxcezhxng.ArtDrop;
				PRODUCT_NAME = "$(TARGET_NAME)";
				TARGETED_DEVICE_FAMILY = "1,2";
			};
			name = Release;
		};
		A632CB81269CD52B0078E0AF /* Debug */ = {
			isa = XCBuildConfiguration;
			baseConfigurationReference = 1E3C26CBDDB2F8B17657DE65 /* Pods-ArtDropTests.debug.xcconfig */;
			buildSettings = {
				BUNDLE_LOADER = "$(TEST_HOST)";
				CODE_SIGN_STYLE = Automatic;
				DEVELOPMENT_TEAM = G99KL6PDPN;
				INFOPLIST_FILE = ArtDropTests/Info.plist;
				IPHONEOS_DEPLOYMENT_TARGET = 14.5;
				LD_RUNPATH_SEARCH_PATHS = (
					"$(inherited)",
					"@executable_path/Frameworks",
					"@loader_path/Frameworks",
				);
				PRODUCT_BUNDLE_IDENTIFIER = com.grxcezhxng.ArtDropTests;
				PRODUCT_NAME = "$(TARGET_NAME)";
				TARGETED_DEVICE_FAMILY = "1,2";
				TEST_HOST = "$(BUILT_PRODUCTS_DIR)/ArtDrop.app/ArtDrop";
			};
			name = Debug;
		};
		A632CB82269CD52B0078E0AF /* Release */ = {
			isa = XCBuildConfiguration;
			baseConfigurationReference = EDB99C11005522252F3CA526 /* Pods-ArtDropTests.release.xcconfig */;
			buildSettings = {
				BUNDLE_LOADER = "$(TEST_HOST)";
				CODE_SIGN_STYLE = Automatic;
				DEVELOPMENT_TEAM = G99KL6PDPN;
				INFOPLIST_FILE = ArtDropTests/Info.plist;
				IPHONEOS_DEPLOYMENT_TARGET = 14.5;
				LD_RUNPATH_SEARCH_PATHS = (
					"$(inherited)",
					"@executable_path/Frameworks",
					"@loader_path/Frameworks",
				);
				PRODUCT_BUNDLE_IDENTIFIER = com.grxcezhxng.ArtDropTests;
				PRODUCT_NAME = "$(TARGET_NAME)";
				TARGETED_DEVICE_FAMILY = "1,2";
				TEST_HOST = "$(BUILT_PRODUCTS_DIR)/ArtDrop.app/ArtDrop";
			};
			name = Release;
		};
		A632CB84269CD52B0078E0AF /* Debug */ = {
			isa = XCBuildConfiguration;
			baseConfigurationReference = D7343A087CFA40A7D43EE332 /* Pods-ArtDrop-ArtDropUITests.debug.xcconfig */;
			buildSettings = {
				CODE_SIGN_STYLE = Automatic;
				DEVELOPMENT_TEAM = G99KL6PDPN;
				INFOPLIST_FILE = ArtDropUITests/Info.plist;
				LD_RUNPATH_SEARCH_PATHS = (
					"$(inherited)",
					"@executable_path/Frameworks",
					"@loader_path/Frameworks",
				);
				PRODUCT_BUNDLE_IDENTIFIER = com.grxcezhxng.ArtDropUITests;
				PRODUCT_NAME = "$(TARGET_NAME)";
				TARGETED_DEVICE_FAMILY = "1,2";
				TEST_TARGET_NAME = ArtDrop;
			};
			name = Debug;
		};
		A632CB85269CD52B0078E0AF /* Release */ = {
			isa = XCBuildConfiguration;
			baseConfigurationReference = 0F29D58F2398D6B0265143F8 /* Pods-ArtDrop-ArtDropUITests.release.xcconfig */;
			buildSettings = {
				CODE_SIGN_STYLE = Automatic;
				DEVELOPMENT_TEAM = G99KL6PDPN;
				INFOPLIST_FILE = ArtDropUITests/Info.plist;
				LD_RUNPATH_SEARCH_PATHS = (
					"$(inherited)",
					"@executable_path/Frameworks",
					"@loader_path/Frameworks",
				);
				PRODUCT_BUNDLE_IDENTIFIER = com.grxcezhxng.ArtDropUITests;
				PRODUCT_NAME = "$(TARGET_NAME)";
				TARGETED_DEVICE_FAMILY = "1,2";
				TEST_TARGET_NAME = ArtDrop;
			};
			name = Release;
		};
/* End XCBuildConfiguration section */

/* Begin XCConfigurationList section */
		A632CB49269CD5280078E0AF /* Build configuration list for PBXProject "ArtDrop" */ = {
			isa = XCConfigurationList;
			buildConfigurations = (
				A632CB7B269CD52B0078E0AF /* Debug */,
				A632CB7C269CD52B0078E0AF /* Release */,
			);
			defaultConfigurationIsVisible = 0;
			defaultConfigurationName = Release;
		};
		A632CB7D269CD52B0078E0AF /* Build configuration list for PBXNativeTarget "ArtDrop" */ = {
			isa = XCConfigurationList;
			buildConfigurations = (
				A632CB7E269CD52B0078E0AF /* Debug */,
				A632CB7F269CD52B0078E0AF /* Release */,
			);
			defaultConfigurationIsVisible = 0;
			defaultConfigurationName = Release;
		};
		A632CB80269CD52B0078E0AF /* Build configuration list for PBXNativeTarget "ArtDropTests" */ = {
			isa = XCConfigurationList;
			buildConfigurations = (
				A632CB81269CD52B0078E0AF /* Debug */,
				A632CB82269CD52B0078E0AF /* Release */,
			);
			defaultConfigurationIsVisible = 0;
			defaultConfigurationName = Release;
		};
		A632CB83269CD52B0078E0AF /* Build configuration list for PBXNativeTarget "ArtDropUITests" */ = {
			isa = XCConfigurationList;
			buildConfigurations = (
				A632CB84269CD52B0078E0AF /* Debug */,
				A632CB85269CD52B0078E0AF /* Release */,
			);
			defaultConfigurationIsVisible = 0;
			defaultConfigurationName = Release;
		};
/* End XCConfigurationList section */
	};
	rootObject = A632CB46269CD5280078E0AF /* Project object */;
}
